
Microsoft Visual Studio Solution File, Format Version 12.00
# Visual Studio 15
VisualStudioVersion = 15.0.26730.16
MinimumVisualStudioVersion = 10.0.40219.1
Project("{9A19103F-16F7-4668-BE54-9A1E7A4F7556}") = "CRM.DAL", "CRM.DAL\CRM.DAL.csproj", "{BB366B06-7043-462E-9C9C-9C67C9F760E3}"
EndProject
Project("{9A19103F-16F7-4668-BE54-9A1E7A4F7556}") = "CRM.BLL", "CRM.BLL\CRM.BLL.csproj", "{2E9BCA59-66DF-416D-BD29-908D46172D7D}"
EndProject
Project("{9A19103F-16F7-4668-BE54-9A1E7A4F7556}") = "CRM.Web", "CRM.Web\CRM.Web.csproj", "{283A9C34-7019-4242-9E50-9ADBB8AD50CA}"
EndProject
Project("{FAE04EC0-301F-11D3-BF4B-00C04F79EFBC}") = "CRM.Infrastructure", "CRM.Infrastructure\CRM.Infrastructure.csproj", "{6C267D8C-F608-4A03-9811-F563AAFB6CF9}"
EndProject
Global
	GlobalSection(SolutionConfigurationPlatforms) = preSolution
		Debug|Any CPU = Debug|Any CPU
		Release|Any CPU = Release|Any CPU
	EndGlobalSection
	GlobalSection(ProjectConfigurationPlatforms) = postSolution
		{BB366B06-7043-462E-9C9C-9C67C9F760E3}.Debug|Any CPU.ActiveCfg = Debug|Any CPU
		{BB366B06-7043-462E-9C9C-9C67C9F760E3}.Debug|Any CPU.Build.0 = Debug|Any CPU
		{BB366B06-7043-462E-9C9C-9C67C9F760E3}.Release|Any CPU.ActiveCfg = Release|Any CPU
		{BB366B06-7043-462E-9C9C-9C67C9F760E3}.Release|Any CPU.Build.0 = Release|Any CPU
		{2E9BCA59-66DF-416D-BD29-908D46172D7D}.Debug|Any CPU.ActiveCfg = Debug|Any CPU
		{2E9BCA59-66DF-416D-BD29-908D46172D7D}.Debug|Any CPU.Build.0 = Debug|Any CPU
		{2E9BCA59-66DF-416D-BD29-908D46172D7D}.Release|Any CPU.ActiveCfg = Release|Any CPU
		{2E9BCA59-66DF-416D-BD29-908D46172D7D}.Release|Any CPU.Build.0 = Release|Any CPU
		{283A9C34-7019-4242-9E50-9ADBB8AD50CA}.Debug|Any CPU.ActiveCfg = Debug|Any CPU
		{283A9C34-7019-4242-9E50-9ADBB8AD50CA}.Debug|Any CPU.Build.0 = Debug|Any CPU
		{283A9C34-7019-4242-9E50-9ADBB8AD50CA}.Release|Any CPU.ActiveCfg = Release|Any CPU
		{283A9C34-7019-4242-9E50-9ADBB8AD50CA}.Release|Any CPU.Build.0 = Release|Any CPU
		{6C267D8C-F608-4A03-9811-F563AAFB6CF9}.Debug|Any CPU.ActiveCfg = Debug|Any CPU
		{6C267D8C-F608-4A03-9811-F563AAFB6CF9}.Debug|Any CPU.Build.0 = Debug|Any CPU
		{6C267D8C-F608-4A03-9811-F563AAFB6CF9}.Release|Any CPU.ActiveCfg = Release|Any CPU
		{6C267D8C-F608-4A03-9811-F563AAFB6CF9}.Release|Any CPU.Build.0 = Release|Any CPU
	EndGlobalSection
	GlobalSection(SolutionProperties) = preSolution
		HideSolutionNode = FALSE
	EndGlobalSection
	GlobalSection(ExtensibilityGlobals) = postSolution
		SolutionGuid = {43BC5144-A7E7-4980-BAA8-1F92879C3196}
	EndGlobalSection
EndGlobal
